PODS:
  - Alamofire (4.2.0)
  - OnebyteSwiftNetworkCycle (0.2.0):
    - Alamofire (~> 4.0)

DEPENDENCIES:
  - OnebyteSwiftNetworkCycle (from `https://github.com/hammy-dev-world/OnebyteSwiftNetwork.git`)

EXTERNAL SOURCES:
  OnebyteSwiftNetworkCycle:
    :git: https://github.com/hammy-dev-world/OnebyteSwiftNetwork.git

CHECKOUT OPTIONS:
  OnebyteSwiftNetworkCycle:
    :commit: 5ad27cedce429bdb144c52014c4cb22712497daf
    :git: https://github.com/hammy-dev-world/OnebyteSwiftNetwork.git

SPEC CHECKSUMS:
  Alamofire: aa2e09d871c9160ac53c90e83c68064a94e3dfbe
  OnebyteSwiftNetworkCycle: e881cabe499e3288a3189dff1e8e074539b7a77b

PODFILE CHECKSUM: 2f83106741d6bfb72a1888069162bc5c33442b51

COCOAPODS: 1.1.1
