// !$*UTF8*$!
{
	archiveVersion = 1;
	classes = {
	};
	objectVersion = 46;
	objects = {

/* Begin PBXBuildFile section */
		607FACEC1AFB9204008FA782 /* Tests.swift in Sources */ = {isa = PBXBuildFile; fileRef = 607FACEB1AFB9204008FA782 /* Tests.swift */; };
		95985FC31E28F65700BD92D5 /* AppDelegate+Navigation.swift in Sources */ = {isa = PBXBuildFile; fileRef = 95985FA11E28F65700BD92D5 /* AppDelegate+Navigation.swift */; };
		95985FC41E28F65700BD92D5 /* AppDelegate.swift in Sources */ = {isa = PBXBuildFile; fileRef = 95985FA31E28F65700BD92D5 /* AppDelegate.swift */; };
		95985FC51E28F65700BD92D5 /* AppNetworkConstants.swift in Sources */ = {isa = PBXBuildFile; fileRef = 95985FAA1E28F65700BD92D5 /* AppNetworkConstants.swift */; };
		95985FC61E28F65700BD92D5 /* AppNetworkManager.swift in Sources */ = {isa = PBXBuildFile; fileRef = 95985FAC1E28F65700BD92D5 /* AppNetworkManager.swift */; };
		95985FC71E28F65700BD92D5 /* AuthorizedAPIOperation.swift in Sources */ = {isa = PBXBuildFile; fileRef = 95985FAE1E28F65700BD92D5 /* AuthorizedAPIOperation.swift */; };
		95985FC81E28F65700BD92D5 /* UnauthorizedAPIOperation.swift in Sources */ = {isa = PBXBuildFile; fileRef = 95985FAF1E28F65700BD92D5 /* UnauthorizedAPIOperation.swift */; };
		95985FC91E28F65700BD92D5 /* ViewHandler.swift in Sources */ = {isa = PBXBuildFile; fileRef = 95985FB31E28F65700BD92D5 /* ViewHandler.swift */; };
		95985FCA1E28F65700BD92D5 /* View.swift in Sources */ = {isa = PBXBuildFile; fileRef = 95985FB51E28F65700BD92D5 /* View.swift */; };
		95985FCB1E28F65700BD92D5 /* ViewController.swift in Sources */ = {isa = PBXBuildFile; fileRef = 95985FB71E28F65700BD92D5 /* ViewController.swift */; };
		95985FCC1E28F65700BD92D5 /* ViewController.xib in Resources */ = {isa = PBXBuildFile; fileRef = 95985FB81E28F65700BD92D5 /* ViewController.xib */; };
		95985FCD1E28F65700BD92D5 /* Info.plist in Resources */ = {isa = PBXBuildFile; fileRef = 95985FBA1E28F65700BD92D5 /* Info.plist */; };
		95985FCE1E28F65700BD92D5 /* Assets.xcassets in Resources */ = {isa = PBXBuildFile; fileRef = 95985FBD1E28F65700BD92D5 /* Assets.xcassets */; };
		95985FCF1E28F65700BD92D5 /* LaunchScreen.storyboard in Resources */ = {isa = PBXBuildFile; fileRef = 95985FBF1E28F65700BD92D5 /* LaunchScreen.storyboard */; };
		95985FD01E28F65700BD92D5 /* Main.storyboard in Resources */ = {isa = PBXBuildFile; fileRef = 95985FC11E28F65700BD92D5 /* Main.storyboard */; };
		95985FD21E28F87000BD92D5 /* Alamofire.framework in Frameworks */ = {isa = PBXBuildFile; fileRef = 95985FD11E28F87000BD92D5 /* Alamofire.framework */; };
		95985FD41E29014100BD92D5 /* OnebyteSwiftNetworkCycle.framework in Frameworks */ = {isa = PBXBuildFile; fileRef = 95985FD31E29014100BD92D5 /* OnebyteSwiftNetworkCycle.framework */; };
		AF9F794A0A88F0351EC31750 /* Pods_OnebyteSwiftNetworkCycle_Tests.framework in Frameworks */ = {isa = PBXBuildFile; fileRef = 86607A8162BAD8415850163E /* Pods_OnebyteSwiftNetworkCycle_Tests.framework */; };
		C8F9F69BE57834873F4612F4 /* Pods_OnebyteSwiftNetworkCycle_Example.framework in Frameworks */ = {isa = PBXBuildFile; fileRef = 268350753149092E42F70D59 /* Pods_OnebyteSwiftNetworkCycle_Example.framework */; };
/* End PBXBuildFile section */

/* Begin PBXContainerItemProxy section */
		607FACE61AFB9204008FA782 /* PBXContainerItemProxy */ = {
			isa = PBXContainerItemProxy;
			containerPortal = 607FACC81AFB9204008FA782 /* Project object */;
			proxyType = 1;
			remoteGlobalIDString = 607FACCF1AFB9204008FA782;
			remoteInfo = OnebyteSwiftNetworkCycle;
		};
/* End PBXContainerItemProxy section */

/* Begin PBXFileReference section */
		0756F902D68B49DC2EDE7524 /* Pods-OnebyteSwiftNetworkCycle_Example.debug.xcconfig */ = {isa = PBXFileReference; includeInIndex = 1; lastKnownFileType = text.xcconfig; name = "Pods-OnebyteSwiftNetworkCycle_Example.debug.xcconfig"; path = "Pods/Target Support Files/Pods-OnebyteSwiftNetworkCycle_Example/Pods-OnebyteSwiftNetworkCycle_Example.debug.xcconfig"; sourceTree = "<group>"; };
		08E816DEE87DDAD8DCD7B356 /* OnebyteSwiftNetworkCycle.podspec */ = {isa = PBXFileReference; includeInIndex = 1; lastKnownFileType = text; name = OnebyteSwiftNetworkCycle.podspec; path = ../OnebyteSwiftNetworkCycle.podspec; sourceTree = "<group>"; };
		268350753149092E42F70D59 /* Pods_OnebyteSwiftNetworkCycle_Example.framework */ = {isa = PBXFileReference; explicitFileType = wrapper.framework; includeInIndex = 0; path = Pods_OnebyteSwiftNetworkCycle_Example.framework; sourceTree = BUILT_PRODUCTS_DIR; };
		607FACD01AFB9204008FA782 /* OnebyteSwiftNetworkCycle_Example.app */ = {isa = PBXFileReference; explicitFileType = wrapper.application; includeInIndex = 0; path = OnebyteSwiftNetworkCycle_Example.app; sourceTree = BUILT_PRODUCTS_DIR; };
		607FACE51AFB9204008FA782 /* OnebyteSwiftNetworkCycle_Tests.xctest */ = {isa = PBXFileReference; explicitFileType = wrapper.cfbundle; includeInIndex = 0; path = OnebyteSwiftNetworkCycle_Tests.xctest; sourceTree = BUILT_PRODUCTS_DIR; };
		607FACEA1AFB9204008FA782 /* Info.plist */ = {isa = PBXFileReference; lastKnownFileType = text.plist.xml; path = Info.plist; sourceTree = "<group>"; };
		607FACEB1AFB9204008FA782 /* Tests.swift */ = {isa = PBXFileReference; lastKnownFileType = sourcecode.swift; path = Tests.swift; sourceTree = "<group>"; };
		665BC9E7296FD578B123AACA /* Pods-OnebyteSwiftNetworkCycle_Example.release.xcconfig */ = {isa = PBXFileReference; includeInIndex = 1; lastKnownFileType = text.xcconfig; name = "Pods-OnebyteSwiftNetworkCycle_Example.release.xcconfig"; path = "Pods/Target Support Files/Pods-OnebyteSwiftNetworkCycle_Example/Pods-OnebyteSwiftNetworkCycle_Example.release.xcconfig"; sourceTree = "<group>"; };
		6D73555C97539A66F27C7F70 /* Pods-OnebyteSwiftNetworkCycle_Tests.release.xcconfig */ = {isa = PBXFileReference; includeInIndex = 1; lastKnownFileType = text.xcconfig; name = "Pods-OnebyteSwiftNetworkCycle_Tests.release.xcconfig"; path = "Pods/Target Support Files/Pods-OnebyteSwiftNetworkCycle_Tests/Pods-OnebyteSwiftNetworkCycle_Tests.release.xcconfig"; sourceTree = "<group>"; };
		6E2F7A8EADB7A675FFF51C7C /* Pods-OnebyteSwiftNetworkCycle_Tests.debug.xcconfig */ = {isa = PBXFileReference; includeInIndex = 1; lastKnownFileType = text.xcconfig; name = "Pods-OnebyteSwiftNetworkCycle_Tests.debug.xcconfig"; path = "Pods/Target Support Files/Pods-OnebyteSwiftNetworkCycle_Tests/Pods-OnebyteSwiftNetworkCycle_Tests.debug.xcconfig"; sourceTree = "<group>"; };
		834F13643A5EF82E95124E92 /* README.md */ = {isa = PBXFileReference; includeInIndex = 1; lastKnownFileType = net.daringfireball.markdown; name = README.md; path = ../README.md; sourceTree = "<group>"; };
		86607A8162BAD8415850163E /* Pods_OnebyteSwiftNetworkCycle_Tests.framework */ = {isa = PBXFileReference; explicitFileType = wrapper.framework; includeInIndex = 0; path = Pods_OnebyteSwiftNetworkCycle_Tests.framework; sourceTree = BUILT_PRODUCTS_DIR; };
		92EB32264DA4AB80532240D5 /* LICENSE */ = {isa = PBXFileReference; includeInIndex = 1; lastKnownFileType = text; name = LICENSE; path = ../LICENSE; sourceTree = "<group>"; };
		95985FA11E28F65700BD92D5 /* AppDelegate+Navigation.swift */ = {isa = PBXFileReference; fileEncoding = 4; lastKnownFileType = sourcecode.swift; path = "AppDelegate+Navigation.swift"; sourceTree = "<group>"; };
		95985FA31E28F65700BD92D5 /* AppDelegate.swift */ = {isa = PBXFileReference; fileEncoding = 4; lastKnownFileType = sourcecode.swift; path = AppDelegate.swift; sourceTree = "<group>"; };
		95985FA51E28F65700BD92D5 /* AFNetworking.h */ = {isa = PBXFileReference; fileEncoding = 4; lastKnownFileType = sourcecode.c.h; path = AFNetworking.h; sourceTree = "<group>"; };
		95985FA61E28F65700BD92D5 /* PrefixHeader.pch */ = {isa = PBXFileReference; fileEncoding = 4; lastKnownFileType = sourcecode.c.h; path = PrefixHeader.pch; sourceTree = "<group>"; };
		95985FAA1E28F65700BD92D5 /* AppNetworkConstants.swift */ = {isa = PBXFileReference; fileEncoding = 4; lastKnownFileType = sourcecode.swift; path = AppNetworkConstants.swift; sourceTree = "<group>"; };
		95985FAC1E28F65700BD92D5 /* AppNetworkManager.swift */ = {isa = PBXFileReference; fileEncoding = 4; lastKnownFileType = sourcecode.swift; path = AppNetworkManager.swift; sourceTree = "<group>"; };
		95985FAE1E28F65700BD92D5 /* AuthorizedAPIOperation.swift */ = {isa = PBXFileReference; fileEncoding = 4; lastKnownFileType = sourcecode.swift; path = AuthorizedAPIOperation.swift; sourceTree = "<group>"; };
		95985FAF1E28F65700BD92D5 /* UnauthorizedAPIOperation.swift */ = {isa = PBXFileReference; fileEncoding = 4; lastKnownFileType = sourcecode.swift; path = UnauthorizedAPIOperation.swift; sourceTree = "<group>"; };
		95985FB31E28F65700BD92D5 /* ViewHandler.swift */ = {isa = PBXFileReference; fileEncoding = 4; lastKnownFileType = sourcecode.swift; path = ViewHandler.swift; sourceTree = "<group>"; };
		95985FB51E28F65700BD92D5 /* View.swift */ = {isa = PBXFileReference; fileEncoding = 4; lastKnownFileType = sourcecode.swift; path = View.swift; sourceTree = "<group>"; };
		95985FB71E28F65700BD92D5 /* ViewController.swift */ = {isa = PBXFileReference; fileEncoding = 4; lastKnownFileType = sourcecode.swift; path = ViewController.swift; sourceTree = "<group>"; };
		95985FB81E28F65700BD92D5 /* ViewController.xib */ = {isa = PBXFileReference; fileEncoding = 4; lastKnownFileType = file.xib; path = ViewController.xib; sourceTree = "<group>"; };
		95985FBA1E28F65700BD92D5 /* Info.plist */ = {isa = PBXFileReference; fileEncoding = 4; lastKnownFileType = text.plist.xml; path = Info.plist; sourceTree = "<group>"; };
		95985FBD1E28F65700BD92D5 /* Assets.xcassets */ = {isa = PBXFileReference; lastKnownFileType = folder.assetcatalog; path = Assets.xcassets; sourceTree = "<group>"; };
		95985FC01E28F65700BD92D5 /* Base */ = {isa = PBXFileReference; lastKnownFileType = file.storyboard; name = Base; path = Base.lproj/LaunchScreen.storyboard; sourceTree = "<group>"; };
		95985FC21E28F65700BD92D5 /* Base */ = {isa = PBXFileReference; lastKnownFileType = file.storyboard; name = Base; path = Base.lproj/Main.storyboard; sourceTree = "<group>"; };
		95985FD11E28F87000BD92D5 /* Alamofire.framework */ = {isa = PBXFileReference; lastKnownFileType = wrapper.framework; name = Alamofire.framework; path = "Pods/../build/Release-iphoneos/Alamofire/Alamofire.framework"; sourceTree = "<group>"; };
		95985FD31E29014100BD92D5 /* OnebyteSwiftNetworkCycle.framework */ = {isa = PBXFileReference; lastKnownFileType = wrapper.framework; name = OnebyteSwiftNetworkCycle.framework; path = "../../../../../../Library/Developer/Xcode/DerivedData/OnebyteSwiftNetworkCycle-falpcssockuebecofmfpdrcxgckb/Build/Products/Debug-iphonesimulator/OnebyteSwiftNetworkCycle/OnebyteSwiftNetworkCycle.framework"; sourceTree = "<group>"; };
/* End PBXFileReference section */

/* Begin PBXFrameworksBuildPhase section */
		607FACCD1AFB9204008FA782 /* Frameworks */ = {
			isa = PBXFrameworksBuildPhase;
			buildActionMask = 2147483647;
			files = (
				95985FD41E29014100BD92D5 /* OnebyteSwiftNetworkCycle.framework in Frameworks */,
				95985FD21E28F87000BD92D5 /* Alamofire.framework in Frameworks */,
				C8F9F69BE57834873F4612F4 /* Pods_OnebyteSwiftNetworkCycle_Example.framework in Frameworks */,
			);
			runOnlyForDeploymentPostprocessing = 0;
		};
		607FACE21AFB9204008FA782 /* Frameworks */ = {
			isa = PBXFrameworksBuildPhase;
			buildActionMask = 2147483647;
			files = (
				AF9F794A0A88F0351EC31750 /* Pods_OnebyteSwiftNetworkCycle_Tests.framework in Frameworks */,
			);
			runOnlyForDeploymentPostprocessing = 0;
		};
/* End PBXFrameworksBuildPhase section */

/* Begin PBXGroup section */
		2A54EB2E9AFF4DD1B80F6789 /* Frameworks */ = {
			isa = PBXGroup;
			children = (
				95985FD31E29014100BD92D5 /* OnebyteSwiftNetworkCycle.framework */,
				95985FD11E28F87000BD92D5 /* Alamofire.framework */,
				268350753149092E42F70D59 /* Pods_OnebyteSwiftNetworkCycle_Example.framework */,
				86607A8162BAD8415850163E /* Pods_OnebyteSwiftNetworkCycle_Tests.framework */,
			);
			name = Frameworks;
			sourceTree = "<group>";
		};
		607FACC71AFB9204008FA782 = {
			isa = PBXGroup;
			children = (
				607FACF51AFB993E008FA782 /* Podspec Metadata */,
				607FACD21AFB9204008FA782 /* Example for OnebyteSwiftNetworkCycle */,
				607FACE81AFB9204008FA782 /* Tests */,
				607FACD11AFB9204008FA782 /* Products */,
				F83C0346F596EF51B5DB946A /* Pods */,
				2A54EB2E9AFF4DD1B80F6789 /* Frameworks */,
			);
			sourceTree = "<group>";
		};
		607FACD11AFB9204008FA782 /* Products */ = {
			isa = PBXGroup;
			children = (
				607FACD01AFB9204008FA782 /* OnebyteSwiftNetworkCycle_Example.app */,
				607FACE51AFB9204008FA782 /* OnebyteSwiftNetworkCycle_Tests.xctest */,
			);
			name = Products;
			sourceTree = "<group>";
		};
		607FACD21AFB9204008FA782 /* Example for OnebyteSwiftNetworkCycle */ = {
			isa = PBXGroup;
			children = (
				95985F691E28F63E00BD92D5 /* swift-api-cycle */,
			);
			name = "Example for OnebyteSwiftNetworkCycle";
			path = OnebyteSwiftNetworkCycle;
			sourceTree = "<group>";
		};
		607FACE81AFB9204008FA782 /* Tests */ = {
			isa = PBXGroup;
			children = (
				607FACEB1AFB9204008FA782 /* Tests.swift */,
				607FACE91AFB9204008FA782 /* Supporting Files */,
			);
			path = Tests;
			sourceTree = "<group>";
		};
		607FACE91AFB9204008FA782 /* Supporting Files */ = {
			isa = PBXGroup;
			children = (
				607FACEA1AFB9204008FA782 /* Info.plist */,
			);
			name = "Supporting Files";
			sourceTree = "<group>";
		};
		607FACF51AFB993E008FA782 /* Podspec Metadata */ = {
			isa = PBXGroup;
			children = (
				08E816DEE87DDAD8DCD7B356 /* OnebyteSwiftNetworkCycle.podspec */,
				834F13643A5EF82E95124E92 /* README.md */,
				92EB32264DA4AB80532240D5 /* LICENSE */,
			);
			name = "Podspec Metadata";
			sourceTree = "<group>";
		};
		95985F691E28F63E00BD92D5 /* swift-api-cycle */ = {
			isa = PBXGroup;
			children = (
				95985F9E1E28F65700BD92D5 /* Classes */,
				95985FB91E28F65700BD92D5 /* ProjectSettings */,
				95985FBB1E28F65700BD92D5 /* Resources */,
			);
			path = "swift-api-cycle";
			sourceTree = "<group>";
		};
		95985F9E1E28F65700BD92D5 /* Classes */ = {
			isa = PBXGroup;
			children = (
				95985F9F1E28F65700BD92D5 /* AppDelegate */,
				95985FA41E28F65700BD92D5 /* Headers */,
				95985FA71E28F65700BD92D5 /* Network */,
				95985FB01E28F65700BD92D5 /* VIewControllers */,
			);
			path = Classes;
			sourceTree = "<group>";
		};
		95985F9F1E28F65700BD92D5 /* AppDelegate */ = {
			isa = PBXGroup;
			children = (
				95985FA01E28F65700BD92D5 /* Navigation */,
				95985FA21E28F65700BD92D5 /* Root */,
			);
			path = AppDelegate;
			sourceTree = "<group>";
		};
		95985FA01E28F65700BD92D5 /* Navigation */ = {
			isa = PBXGroup;
			children = (
				95985FA11E28F65700BD92D5 /* AppDelegate+Navigation.swift */,
			);
			path = Navigation;
			sourceTree = "<group>";
		};
		95985FA21E28F65700BD92D5 /* Root */ = {
			isa = PBXGroup;
			children = (
				95985FA31E28F65700BD92D5 /* AppDelegate.swift */,
			);
			path = Root;
			sourceTree = "<group>";
		};
		95985FA41E28F65700BD92D5 /* Headers */ = {
			isa = PBXGroup;
			children = (
				95985FA51E28F65700BD92D5 /* AFNetworking.h */,
				95985FA61E28F65700BD92D5 /* PrefixHeader.pch */,
			);
			path = Headers;
			sourceTree = "<group>";
		};
		95985FA71E28F65700BD92D5 /* Network */ = {
			isa = PBXGroup;
			children = (
				95985FA81E28F65700BD92D5 /* App */,
			);
			path = Network;
			sourceTree = "<group>";
		};
		95985FA81E28F65700BD92D5 /* App */ = {
			isa = PBXGroup;
			children = (
				95985FA91E28F65700BD92D5 /* Common */,
				95985FAB1E28F65700BD92D5 /* Manager */,
				95985FAD1E28F65700BD92D5 /* Operations */,
			);
			path = App;
			sourceTree = "<group>";
		};
		95985FA91E28F65700BD92D5 /* Common */ = {
			isa = PBXGroup;
			children = (
				95985FAA1E28F65700BD92D5 /* AppNetworkConstants.swift */,
			);
			path = Common;
			sourceTree = "<group>";
		};
		95985FAB1E28F65700BD92D5 /* Manager */ = {
			isa = PBXGroup;
			children = (
				95985FAC1E28F65700BD92D5 /* AppNetworkManager.swift */,
			);
			path = Manager;
			sourceTree = "<group>";
		};
		95985FAD1E28F65700BD92D5 /* Operations */ = {
			isa = PBXGroup;
			children = (
				95985FAE1E28F65700BD92D5 /* AuthorizedAPIOperation.swift */,
				95985FAF1E28F65700BD92D5 /* UnauthorizedAPIOperation.swift */,
			);
			path = Operations;
			sourceTree = "<group>";
		};
		95985FB01E28F65700BD92D5 /* VIewControllers */ = {
			isa = PBXGroup;
			children = (
				95985FB11E28F65700BD92D5 /* Main */,
			);
			path = VIewControllers;
			sourceTree = "<group>";
		};
		95985FB11E28F65700BD92D5 /* Main */ = {
			isa = PBXGroup;
			children = (
				95985FB21E28F65700BD92D5 /* Handler */,
				95985FB41E28F65700BD92D5 /* View */,
				95985FB61E28F65700BD92D5 /* ViewController */,
			);
			path = Main;
			sourceTree = "<group>";
		};
		95985FB21E28F65700BD92D5 /* Handler */ = {
			isa = PBXGroup;
			children = (
				95985FB31E28F65700BD92D5 /* ViewHandler.swift */,
			);
			path = Handler;
			sourceTree = "<group>";
		};
		95985FB41E28F65700BD92D5 /* View */ = {
			isa = PBXGroup;
			children = (
				95985FB51E28F65700BD92D5 /* View.swift */,
			);
			path = View;
			sourceTree = "<group>";
		};
		95985FB61E28F65700BD92D5 /* ViewController */ = {
			isa = PBXGroup;
			children = (
				95985FB71E28F65700BD92D5 /* ViewController.swift */,
				95985FB81E28F65700BD92D5 /* ViewController.xib */,
			);
			path = ViewController;
			sourceTree = "<group>";
		};
		95985FB91E28F65700BD92D5 /* ProjectSettings */ = {
			isa = PBXGroup;
			children = (
				95985FBA1E28F65700BD92D5 /* Info.plist */,
			);
			path = ProjectSettings;
			sourceTree = "<group>";
		};
		95985FBB1E28F65700BD92D5 /* Resources */ = {
			isa = PBXGroup;
			children = (
				95985FBC1E28F65700BD92D5 /* Assets */,
				95985FBE1E28F65700BD92D5 /* Launchscreen */,
			);
			path = Resources;
			sourceTree = "<group>";
		};
		95985FBC1E28F65700BD92D5 /* Assets */ = {
			isa = PBXGroup;
			children = (
				95985FBD1E28F65700BD92D5 /* Assets.xcassets */,
			);
			path = Assets;
			sourceTree = "<group>";
		};
		95985FBE1E28F65700BD92D5 /* Launchscreen */ = {
			isa = PBXGroup;
			children = (
				95985FBF1E28F65700BD92D5 /* LaunchScreen.storyboard */,
				95985FC11E28F65700BD92D5 /* Main.storyboard */,
			);
			path = Launchscreen;
			sourceTree = "<group>";
		};
		F83C0346F596EF51B5DB946A /* Pods */ = {
			isa = PBXGroup;
			children = (
				0756F902D68B49DC2EDE7524 /* Pods-OnebyteSwiftNetworkCycle_Example.debug.xcconfig */,
				665BC9E7296FD578B123AACA /* Pods-OnebyteSwiftNetworkCycle_Example.release.xcconfig */,
				6E2F7A8EADB7A675FFF51C7C /* Pods-OnebyteSwiftNetworkCycle_Tests.debug.xcconfig */,
				6D73555C97539A66F27C7F70 /* Pods-OnebyteSwiftNetworkCycle_Tests.release.xcconfig */,
			);
			name = Pods;
			sourceTree = "<group>";
		};
/* End PBXGroup section */

/* Begin PBXNativeTarget section */
		607FACCF1AFB9204008FA782 /* OnebyteSwiftNetworkCycle_Example */ = {
			isa = PBXNativeTarget;
			buildConfigurationList = 607FACEF1AFB9204008FA782 /* Build configuration list for PBXNativeTarget "OnebyteSwiftNetworkCycle_Example" */;
			buildPhases = (
				0E20563C677BE83972C31083 /* [CP] Check Pods Manifest.lock */,
				607FACCC1AFB9204008FA782 /* Sources */,
				607FACCD1AFB9204008FA782 /* Frameworks */,
				607FACCE1AFB9204008FA782 /* Resources */,
				8407862C5585588471B8F069 /* [CP] Embed Pods Frameworks */,
				59415A3BE6D10171EFF19F6B /* [CP] Copy Pods Resources */,
			);
			buildRules = (
			);
			dependencies = (
			);
			name = OnebyteSwiftNetworkCycle_Example;
			productName = OnebyteSwiftNetworkCycle;
			productReference = 607FACD01AFB9204008FA782 /* OnebyteSwiftNetworkCycle_Example.app */;
			productType = "com.apple.product-type.application";
		};
		607FACE41AFB9204008FA782 /* OnebyteSwiftNetworkCycle_Tests */ = {
			isa = PBXNativeTarget;
			buildConfigurationList = 607FACF21AFB9204008FA782 /* Build configuration list for PBXNativeTarget "OnebyteSwiftNetworkCycle_Tests" */;
			buildPhases = (
				4D6410F1CA21DEAAA5F7396E /* [CP] Check Pods Manifest.lock */,
				607FACE11AFB9204008FA782 /* Sources */,
				607FACE21AFB9204008FA782 /* Frameworks */,
				607FACE31AFB9204008FA782 /* Resources */,
				494B0EA856843659E18937D0 /* [CP] Embed Pods Frameworks */,
				6AEFF97EDB66A8D9D54BDE39 /* [CP] Copy Pods Resources */,
			);
			buildRules = (
			);
			dependencies = (
				607FACE71AFB9204008FA782 /* PBXTargetDependency */,
			);
			name = OnebyteSwiftNetworkCycle_Tests;
			productName = Tests;
			productReference = 607FACE51AFB9204008FA782 /* OnebyteSwiftNetworkCycle_Tests.xctest */;
			productType = "com.apple.product-type.bundle.unit-test";
		};
/* End PBXNativeTarget section */

/* Begin PBXProject section */
		607FACC81AFB9204008FA782 /* Project object */ = {
			isa = PBXProject;
			attributes = {
				LastSwiftUpdateCheck = 0720;
				LastUpgradeCheck = 0720;
				ORGANIZATIONNAME = CocoaPods;
				TargetAttributes = {
					607FACCF1AFB9204008FA782 = {
						CreatedOnToolsVersion = 6.3.1;
						LastSwiftMigration = 0820;
					};
					607FACE41AFB9204008FA782 = {
						CreatedOnToolsVersion = 6.3.1;
						LastSwiftMigration = 0820;
						TestTargetID = 607FACCF1AFB9204008FA782;
					};
				};
			};
			buildConfigurationList = 607FACCB1AFB9204008FA782 /* Build configuration list for PBXProject "OnebyteSwiftNetworkCycle" */;
			compatibilityVersion = "Xcode 3.2";
			developmentRegion = English;
			hasScannedForEncodings = 0;
			knownRegions = (
				en,
				Base,
			);
			mainGroup = 607FACC71AFB9204008FA782;
			productRefGroup = 607FACD11AFB9204008FA782 /* Products */;
			projectDirPath = "";
			projectRoot = "";
			targets = (
				607FACCF1AFB9204008FA782 /* OnebyteSwiftNetworkCycle_Example */,
				607FACE41AFB9204008FA782 /* OnebyteSwiftNetworkCycle_Tests */,
			);
		};
/* End PBXProject section */

/* Begin PBXResourcesBuildPhase section */
		607FACCE1AFB9204008FA782 /* Resources */ = {
			isa = PBXResourcesBuildPhase;
			buildActionMask = 2147483647;
			files = (
				95985FCD1E28F65700BD92D5 /* Info.plist in Resources */,
				95985FD01E28F65700BD92D5 /* Main.storyboard in Resources */,
				95985FCF1E28F65700BD92D5 /* LaunchScreen.storyboard in Resources */,
				95985FCE1E28F65700BD92D5 /* Assets.xcassets in Resources */,
				95985FCC1E28F65700BD92D5 /* ViewController.xib in Resources */,
			);
			runOnlyForDeploymentPostprocessing = 0;
		};
		607FACE31AFB9204008FA782 /* Resources */ = {
			isa = PBXResourcesBuildPhase;
			buildActionMask = 2147483647;
			files = (
			);
			runOnlyForDeploymentPostprocessing = 0;
		};
/* End PBXResourcesBuildPhase section */

/* Begin PBXShellScriptBuildPhase section */
		0E20563C677BE83972C31083 /* [CP] Check Pods Manifest.lock */ = {
			isa = PBXShellScriptBuildPhase;
			buildActionMask = 2147483647;
			files = (
			);
			inputPaths = (
			);
			name = "[CP] Check Pods Manifest.lock";
			outputPaths = (
			);
			runOnlyForDeploymentPostprocessing = 0;
			shellPath = /bin/sh;
			shellScript = "diff \"${PODS_ROOT}/../Podfile.lock\" \"${PODS_ROOT}/Manifest.lock\" > /dev/null\nif [ $? != 0 ] ; then\n    # print error to STDERR\n    echo \"error: The sandbox is not in sync with the Podfile.lock. Run 'pod install' or update your CocoaPods installation.\" >&2\n    exit 1\nfi\n";
			showEnvVarsInLog = 0;
		};
		494B0EA856843659E18937D0 /* [CP] Embed Pods Frameworks */ = {
			isa = PBXShellScriptBuildPhase;
			buildActionMask = 2147483647;
			files = (
			);
			inputPaths = (
			);
			name = "[CP] Embed Pods Frameworks";
			outputPaths = (
			);
			runOnlyForDeploymentPostprocessing = 0;
			shellPath = /bin/sh;
			shellScript = "\"${SRCROOT}/Pods/Target Support Files/Pods-OnebyteSwiftNetworkCycle_Tests/Pods-OnebyteSwiftNetworkCycle_Tests-frameworks.sh\"\n";
			showEnvVarsInLog = 0;
		};
		4D6410F1CA21DEAAA5F7396E /* [CP] Check Pods Manifest.lock */ = {
			isa = PBXShellScriptBuildPhase;
			buildActionMask = 2147483647;
			files = (
			);
			inputPaths = (
			);
			name = "[CP] Check Pods Manifest.lock";
			outputPaths = (
			);
			runOnlyForDeploymentPostprocessing = 0;
			shellPath = /bin/sh;
			shellScript = "diff \"${PODS_ROOT}/../Podfile.lock\" \"${PODS_ROOT}/Manifest.lock\" > /dev/null\nif [ $? != 0 ] ; then\n    # print error to STDERR\n    echo \"error: The sandbox is not in sync with the Podfile.lock. Run 'pod install' or update your CocoaPods installation.\" >&2\n    exit 1\nfi\n";
			showEnvVarsInLog = 0;
		};
		59415A3BE6D10171EFF19F6B /* [CP] Copy Pods Resources */ = {
			isa = PBXShellScriptBuildPhase;
			buildActionMask = 2147483647;
			files = (
			);
			inputPaths = (
			);
			name = "[CP] Copy Pods Resources";
			outputPaths = (
			);
			runOnlyForDeploymentPostprocessing = 0;
			shellPath = /bin/sh;
			shellScript = "\"${SRCROOT}/Pods/Target Support Files/Pods-OnebyteSwiftNetworkCycle_Example/Pods-OnebyteSwiftNetworkCycle_Example-resources.sh\"\n";
			showEnvVarsInLog = 0;
		};
		6AEFF97EDB66A8D9D54BDE39 /* [CP] Copy Pods Resources */ = {
			isa = PBXShellScriptBuildPhase;
			buildActionMask = 2147483647;
			files = (
			);
			inputPaths = (
			);
			name = "[CP] Copy Pods Resources";
			outputPaths = (
			);
			runOnlyForDeploymentPostprocessing = 0;
			shellPath = /bin/sh;
			shellScript = "\"${SRCROOT}/Pods/Target Support Files/Pods-OnebyteSwiftNetworkCycle_Tests/Pods-OnebyteSwiftNetworkCycle_Tests-resources.sh\"\n";
			showEnvVarsInLog = 0;
		};
		8407862C5585588471B8F069 /* [CP] Embed Pods Frameworks */ = {
			isa = PBXShellScriptBuildPhase;
			buildActionMask = 2147483647;
			files = (
			);
			inputPaths = (
			);
			name = "[CP] Embed Pods Frameworks";
			outputPaths = (
			);
			runOnlyForDeploymentPostprocessing = 0;
			shellPath = /bin/sh;
			shellScript = "\"${SRCROOT}/Pods/Target Support Files/Pods-OnebyteSwiftNetworkCycle_Example/Pods-OnebyteSwiftNetworkCycle_Example-frameworks.sh\"\n";
			showEnvVarsInLog = 0;
		};
/* End PBXShellScriptBuildPhase section */

/* Begin PBXSourcesBuildPhase section */
		607FACCC1AFB9204008FA782 /* Sources */ = {
			isa = PBXSourcesBuildPhase;
			buildActionMask = 2147483647;
			files = (
				95985FCA1E28F65700BD92D5 /* View.swift in Sources */,
				95985FC81E28F65700BD92D5 /* UnauthorizedAPIOperation.swift in Sources */,
				95985FC71E28F65700BD92D5 /* AuthorizedAPIOperation.swift in Sources */,
				95985FCB1E28F65700BD92D5 /* ViewController.swift in Sources */,
				95985FC61E28F65700BD92D5 /* AppNetworkManager.swift in Sources */,
				95985FC41E28F65700BD92D5 /* AppDelegate.swift in Sources */,
				95985FC31E28F65700BD92D5 /* AppDelegate+Navigation.swift in Sources */,
				95985FC91E28F65700BD92D5 /* ViewHandler.swift in Sources */,
				95985FC51E28F65700BD92D5 /* AppNetworkConstants.swift in Sources */,
			);
			runOnlyForDeploymentPostprocessing = 0;
		};
		607FACE11AFB9204008FA782 /* Sources */ = {
			isa = PBXSourcesBuildPhase;
			buildActionMask = 2147483647;
			files = (
				607FACEC1AFB9204008FA782 /* Tests.swift in Sources */,
			);
			runOnlyForDeploymentPostprocessing = 0;
		};
/* End PBXSourcesBuildPhase section */

/* Begin PBXTargetDependency section */
		607FACE71AFB9204008FA782 /* PBXTargetDependency */ = {
			isa = PBXTargetDependency;
			target = 607FACCF1AFB9204008FA782 /* OnebyteSwiftNetworkCycle_Example */;
			targetProxy = 607FACE61AFB9204008FA782 /* PBXContainerItemProxy */;
		};
/* End PBXTargetDependency section */

/* Begin PBXVariantGroup section */
		95985FBF1E28F65700BD92D5 /* LaunchScreen.storyboard */ = {
			isa = PBXVariantGroup;
			children = (
				95985FC01E28F65700BD92D5 /* Base */,
			);
			name = LaunchScreen.storyboard;
			sourceTree = "<group>";
		};
		95985FC11E28F65700BD92D5 /* Main.storyboard */ = {
			isa = PBXVariantGroup;
			children = (
				95985FC21E28F65700BD92D5 /* Base */,
			);
			name = Main.storyboard;
			sourceTree = "<group>";
		};
/* End PBXVariantGroup section */

/* Begin XCBuildConfiguration section */
		607FACED1AFB9204008FA782 /* Debug */ = {
			isa = XCBuildConfiguration;
			buildSettings = {
				ALWAYS_SEARCH_USER_PATHS = NO;
				CLANG_CXX_LANGUAGE_STANDARD = "gnu++0x";
				CLANG_CXX_LIBRARY = "libc++";
				CLANG_ENABLE_MODULES = YES;
				CLANG_ENABLE_OBJC_ARC = YES;
				CLANG_WARN_BOOL_CONVERSION = YES;
				CLANG_WARN_CONSTANT_CONVERSION = YES;
				CLANG_WARN_DIRECT_OBJC_ISA_USAGE = YES_ERROR;
				CLANG_WARN_EMPTY_BODY = YES;
				CLANG_WARN_ENUM_CONVERSION = YES;
				CLANG_WARN_INT_CONVERSION = YES;
				CLANG_WARN_OBJC_ROOT_CLASS = YES_ERROR;
				CLANG_WARN_UNREACHABLE_CODE = YES;
				CLANG_WARN__DUPLICATE_METHOD_MATCH = YES;
				"CODE_SIGN_IDENTITY[sdk=iphoneos*]" = "iPhone Developer";
				COPY_PHASE_STRIP = NO;
				DEBUG_INFORMATION_FORMAT = "dwarf-with-dsym";
				ENABLE_STRICT_OBJC_MSGSEND = YES;
				ENABLE_TESTABILITY = YES;
				GCC_C_LANGUAGE_STANDARD = gnu99;
				GCC_DYNAMIC_NO_PIC = NO;
				GCC_NO_COMMON_BLOCKS = YES;
				GCC_OPTIMIZATION_LEVEL = 0;
				GCC_PREPROCESSOR_DEFINITIONS = (
					"DEBUG=1",
					"$(inherited)",
				);
				GCC_SYMBOLS_PRIVATE_EXTERN = NO;
				GCC_WARN_64_TO_32_BIT_CONVERSION = YES;
				GCC_WARN_ABOUT_RETURN_TYPE = YES_ERROR;
				GCC_WARN_UNDECLARED_SELECTOR = YES;
				GCC_WARN_UNINITIALIZED_AUTOS = YES_AGGRESSIVE;
				GCC_WARN_UNUSED_FUNCTION = YES;
				GCC_WARN_UNUSED_VARIABLE = YES;
				IPHONEOS_DEPLOYMENT_TARGET = 8.3;
				MTL_ENABLE_DEBUG_INFO = YES;
				ONLY_ACTIVE_ARCH = YES;
				SDKROOT = iphoneos;
				SWIFT_OPTIMIZATION_LEVEL = "-Onone";
			};
			name = Debug;
		};
		607FACEE1AFB9204008FA782 /* Release */ = {
			isa = XCBuildConfiguration;
			buildSettings = {
				ALWAYS_SEARCH_USER_PATHS = NO;
				CLANG_CXX_LANGUAGE_STANDARD = "gnu++0x";
				CLANG_CXX_LIBRARY = "libc++";
				CLANG_ENABLE_MODULES = YES;
				CLANG_ENABLE_OBJC_ARC = YES;
				CLANG_WARN_BOOL_CONVERSION = YES;
				CLANG_WARN_CONSTANT_CONVERSION = YES;
				CLANG_WARN_DIRECT_OBJC_ISA_USAGE = YES_ERROR;
				CLANG_WARN_EMPTY_BODY = YES;
				CLANG_WARN_ENUM_CONVERSION = YES;
				CLANG_WARN_INT_CONVERSION = YES;
				CLANG_WARN_OBJC_ROOT_CLASS = YES_ERROR;
				CLANG_WARN_UNREACHABLE_CODE = YES;
				CLANG_WARN__DUPLICATE_METHOD_MATCH = YES;
				"CODE_SIGN_IDENTITY[sdk=iphoneos*]" = "iPhone Developer";
				COPY_PHASE_STRIP = NO;
				DEBUG_INFORMATION_FORMAT = "dwarf-with-dsym";
				ENABLE_NS_ASSERTIONS = NO;
				ENABLE_STRICT_OBJC_MSGSEND = YES;
				GCC_C_LANGUAGE_STANDARD = gnu99;
				GCC_NO_COMMON_BLOCKS = YES;
				GCC_WARN_64_TO_32_BIT_CONVERSION = YES;
				GCC_WARN_ABOUT_RETURN_TYPE = YES_ERROR;
				GCC_WARN_UNDECLARED_SELECTOR = YES;
				GCC_WARN_UNINITIALIZED_AUTOS = YES_AGGRESSIVE;
				GCC_WARN_UNUSED_FUNCTION = YES;
				GCC_WARN_UNUSED_VARIABLE = YES;
				IPHONEOS_DEPLOYMENT_TARGET = 8.3;
				MTL_ENABLE_DEBUG_INFO = NO;
				SDKROOT = iphoneos;
				VALIDATE_PRODUCT = YES;
			};
			name = Release;
		};
		607FACF01AFB9204008FA782 /* Debug */ = {
			isa = XCBuildConfiguration;
			baseConfigurationReference = 0756F902D68B49DC2EDE7524 /* Pods-OnebyteSwiftNetworkCycle_Example.debug.xcconfig */;
			buildSettings = {
				ASSETCATALOG_COMPILER_APPICON_NAME = AppIcon;
				FRAMEWORK_SEARCH_PATHS = (
					"$(inherited)",
					"$(PROJECT_DIR)/build/Release-iphoneos/Alamofire",
				);
				INFOPLIST_FILE = OnebyteSwiftNetworkCycle/Info.plist;
				LD_RUNPATH_SEARCH_PATHS = "$(inherited) @executable_path/Frameworks";
				MODULE_NAME = ExampleApp;
				PRODUCT_BUNDLE_IDENTIFIER = "org.cocoapods.demo.$(PRODUCT_NAME:rfc1034identifier)";
				PRODUCT_NAME = "$(TARGET_NAME)";
				SWIFT_VERSION = 3.0;
			};
			name = Debug;
		};
		607FACF11AFB9204008FA782 /* Release */ = {
			isa = XCBuildConfiguration;
			baseConfigurationReference = 665BC9E7296FD578B123AACA /* Pods-OnebyteSwiftNetworkCycle_Example.release.xcconfig */;
			buildSettings = {
				ASSETCATALOG_COMPILER_APPICON_NAME = AppIcon;
				FRAMEWORK_SEARCH_PATHS = (
					"$(inherited)",
					"$(PROJECT_DIR)/build/Release-iphoneos/Alamofire",
				);
				INFOPLIST_FILE = OnebyteSwiftNetworkCycle/Info.plist;
				LD_RUNPATH_SEARCH_PATHS = "$(inherited) @executable_path/Frameworks";
				MODULE_NAME = ExampleApp;
				PRODUCT_BUNDLE_IDENTIFIER = "org.cocoapods.demo.$(PRODUCT_NAME:rfc1034identifier)";
				PRODUCT_NAME = "$(TARGET_NAME)";
				SWIFT_VERSION = 3.0;
			};
			name = Release;
		};
		607FACF31AFB9204008FA782 /* Debug */ = {
			isa = XCBuildConfiguration;
			baseConfigurationReference = 6E2F7A8EADB7A675FFF51C7C /* Pods-OnebyteSwiftNetworkCycle_Tests.debug.xcconfig */;
			buildSettings = {
				ALWAYS_EMBED_SWIFT_STANDARD_LIBRARIES = YES;
				FRAMEWORK_SEARCH_PATHS = (
					"$(SDKROOT)/Developer/Library/Frameworks",
					"$(inherited)",
				);
				GCC_PREPROCESSOR_DEFINITIONS = (
					"DEBUG=1",
					"$(inherited)",
				);
				INFOPLIST_FILE = Tests/Info.plist;
				LD_RUNPATH_SEARCH_PATHS = "$(inherited) @executable_path/Frameworks @loader_path/Frameworks";
				PRODUCT_BUNDLE_IDENTIFIER = "org.cocoapods.$(PRODUCT_NAME:rfc1034identifier)";
				PRODUCT_NAME = "$(TARGET_NAME)";
				SWIFT_VERSION = 3.0;
			};
			name = Debug;
		};
		607FACF41AFB9204008FA782 /* Release */ = {
			isa = XCBuildConfiguration;
			baseConfigurationReference = 6D73555C97539A66F27C7F70 /* Pods-OnebyteSwiftNetworkCycle_Tests.release.xcconfig */;
			buildSettings = {
				ALWAYS_EMBED_SWIFT_STANDARD_LIBRARIES = YES;
				FRAMEWORK_SEARCH_PATHS = (
					"$(SDKROOT)/Developer/Library/Frameworks",
					"$(inherited)",
				);
				INFOPLIST_FILE = Tests/Info.plist;
				LD_RUNPATH_SEARCH_PATHS = "$(inherited) @executable_path/Frameworks @loader_path/Frameworks";
				PRODUCT_BUNDLE_IDENTIFIER = "org.cocoapods.$(PRODUCT_NAME:rfc1034identifier)";
				PRODUCT_NAME = "$(TARGET_NAME)";
				SWIFT_VERSION = 3.0;
			};
			name = Release;
		};
/* End XCBuildConfiguration section */

/* Begin XCConfigurationList section */
		607FACCB1AFB9204008FA782 /* Build configuration list for PBXProject "OnebyteSwiftNetworkCycle" */ = {
			isa = XCConfigurationList;
			buildConfigurations = (
				607FACED1AFB9204008FA782 /* Debug */,
				607FACEE1AFB9204008FA782 /* Release */,
			);
			defaultConfigurationIsVisible = 0;
			defaultConfigurationName = Release;
		};
		607FACEF1AFB9204008FA782 /* Build configuration list for PBXNativeTarget "OnebyteSwiftNetworkCycle_Example" */ = {
			isa = XCConfigurationList;
			buildConfigurations = (
				607FACF01AFB9204008FA782 /* Debug */,
				607FACF11AFB9204008FA782 /* Release */,
			);
			defaultConfigurationIsVisible = 0;
			defaultConfigurationName = Release;
		};
		607FACF21AFB9204008FA782 /* Build configuration list for PBXNativeTarget "OnebyteSwiftNetworkCycle_Tests" */ = {
			isa = XCConfigurationList;
			buildConfigurations = (
				607FACF31AFB9204008FA782 /* Debug */,
				607FACF41AFB9204008FA782 /* Release */,
			);
			defaultConfigurationIsVisible = 0;
			defaultConfigurationName = Release;
		};
/* End XCConfigurationList section */
	};
	rootObject = 607FACC81AFB9204008FA782 /* Project object */;
}
